PODS:
  - FOCalendar (0.0.4)
  - UBProgress (1.0.1)

DEPENDENCIES:
  - FOCalendar (from `https://github.com/SamEngComp/FOCalendar.git`)
  - UBProgress

SPEC REPOS:
  trunk:
    - UBProgress

EXTERNAL SOURCES:
  FOCalendar:
    :git: https://github.com/SamEngComp/FOCalendar.git

CHECKOUT OPTIONS:
  FOCalendar:
    :commit: 05b30fc72ce7d2f33588ad312457b4fe2b77f3d2
    :git: https://github.com/SamEngComp/FOCalendar.git

SPEC CHECKSUMS:
  FOCalendar: 308b93d9bd1404c859096fcc4b024a1129b0c05e
  UBProgress: 76ab8eb2479cd05860eb2151f520f316d5e59a5d

PODFILE CHECKSUM: 61bdce95b9db03643fed75862c551a013395bac2

COCOAPODS: 1.11.2
