// !$*UTF8*$!
{
	archiveVersion = 1;
	classes = {
	};
	objectVersion = 51;
	objects = {

/* Begin PBXBuildFile section */
		3902B0D826EF7AD500FE2C8F /* Graviola-Regular.otf in Resources */ = {isa = PBXBuildFile; fileRef = 3902B0D726EF7AD500FE2C8F /* Graviola-Regular.otf */; };
		3902B0DB26EF7AEB00FE2C8F /* GraviolaSoft-Medium.otf in Resources */ = {isa = PBXBuildFile; fileRef = 3902B0DA26EF7AEB00FE2C8F /* GraviolaSoft-Medium.otf */; };
		3902B0E526EF96BC00FE2C8F /* Coordinator.swift in Sources */ = {isa = PBXBuildFile; fileRef = 3902B0E426EF96BC00FE2C8F /* Coordinator.swift */; };
		3902B0E926EF977900FE2C8F /* AppCoordinator.swift in Sources */ = {isa = PBXBuildFile; fileRef = 3902B0E826EF977900FE2C8F /* AppCoordinator.swift */; };
		3902B0EF26F0B1BB00FE2C8F /* TabCoordinator.swift in Sources */ = {isa = PBXBuildFile; fileRef = 3902B0EE26F0B1BB00FE2C8F /* TabCoordinator.swift */; };
		3902B0F326F0DD0200FE2C8F /* TabBarPage.swift in Sources */ = {isa = PBXBuildFile; fileRef = 3902B0F226F0DD0200FE2C8F /* TabBarPage.swift */; };
		392DA3982716FDBC00426712 /* EntityDeleteProtocol.swift in Sources */ = {isa = PBXBuildFile; fileRef = 392DA3972716FDBC00426712 /* EntityDeleteProtocol.swift */; };
		3932586526E8FF3F00A44687 /* Colors.swift in Sources */ = {isa = PBXBuildFile; fileRef = 3932586426E8FF3F00A44687 /* Colors.swift */; };
		3932586826E8FF4900A44687 /* Fonts.swift in Sources */ = {isa = PBXBuildFile; fileRef = 3932586726E8FF4900A44687 /* Fonts.swift */; };
		3932586B26E8FF7A00A44687 /* Protocol.swift in Sources */ = {isa = PBXBuildFile; fileRef = 3932586A26E8FF7A00A44687 /* Protocol.swift */; };
		3932587126E9008000A44687 /* ProgressBarComponent.swift in Sources */ = {isa = PBXBuildFile; fileRef = 3932587026E9008000A44687 /* ProgressBarComponent.swift */; };
		3932587426E9008C00A44687 /* DiaryScene.swift in Sources */ = {isa = PBXBuildFile; fileRef = 3932587326E9008C00A44687 /* DiaryScene.swift */; };
		394AEB1F26F7ADD200C5D8E7 /* DataModel.xcdatamodeld in Sources */ = {isa = PBXBuildFile; fileRef = 394AEB1D26F7ADD200C5D8E7 /* DataModel.xcdatamodeld */; };
		394AEB2226F7ADF700C5D8E7 /* CoreDataManager.swift in Sources */ = {isa = PBXBuildFile; fileRef = 394AEB2126F7ADF700C5D8E7 /* CoreDataManager.swift */; };
		394AEB2626F7CE6D00C5D8E7 /* EntityCreateProtocol.swift in Sources */ = {isa = PBXBuildFile; fileRef = 394AEB2526F7CE6D00C5D8E7 /* EntityCreateProtocol.swift */; };
		394AEB2A26F7CEBE00C5D8E7 /* EntitySaveProtocol.swift in Sources */ = {isa = PBXBuildFile; fileRef = 394AEB2926F7CEBE00C5D8E7 /* EntitySaveProtocol.swift */; };
		394AEB2D26F7CF0C00C5D8E7 /* EntityFetchProtocol.swift in Sources */ = {isa = PBXBuildFile; fileRef = 394AEB2C26F7CF0C00C5D8E7 /* EntityFetchProtocol.swift */; };
		3950D13326F3DFFC003D3E97 /* DiaryCardComponent.swift in Sources */ = {isa = PBXBuildFile; fileRef = 3950D13226F3DFFC003D3E97 /* DiaryCardComponent.swift */; };
		3984BD3C26E8E9AB00C92824 /* AppDelegate.swift in Sources */ = {isa = PBXBuildFile; fileRef = 3984BD3B26E8E9AB00C92824 /* AppDelegate.swift */; };
		3984BD3E26E8E9AB00C92824 /* SceneDelegate.swift in Sources */ = {isa = PBXBuildFile; fileRef = 3984BD3D26E8E9AB00C92824 /* SceneDelegate.swift */; };
		3984BD4026E8E9AB00C92824 /* DiaryViewController.swift in Sources */ = {isa = PBXBuildFile; fileRef = 3984BD3F26E8E9AB00C92824 /* DiaryViewController.swift */; };
		3984BD4526E8E9AC00C92824 /* Assets.xcassets in Resources */ = {isa = PBXBuildFile; fileRef = 3984BD4426E8E9AC00C92824 /* Assets.xcassets */; };
		3984BD4826E8E9AC00C92824 /* LaunchScreen.storyboard in Resources */ = {isa = PBXBuildFile; fileRef = 3984BD4626E8E9AC00C92824 /* LaunchScreen.storyboard */; };
		39DA525C26F7E4DF00158880 /* FactoryControllers.swift in Sources */ = {isa = PBXBuildFile; fileRef = 39DA525B26F7E4DF00158880 /* FactoryControllers.swift */; };
		39DA526026F9FFEC00158880 /* StringExtension.swift in Sources */ = {isa = PBXBuildFile; fileRef = 39DA525F26F9FFEC00158880 /* StringExtension.swift */; };
		39DA538A26FD584500158880 /* UIViewExtension.swift in Sources */ = {isa = PBXBuildFile; fileRef = 39DA538926FD584400158880 /* UIViewExtension.swift */; };
		54109F1626F2959700EC4C10 /* DiaryTableViewCellComponent.swift in Sources */ = {isa = PBXBuildFile; fileRef = 54109F1526F2959700EC4C10 /* DiaryTableViewCellComponent.swift */; };
		543DCF9926F36DCC00BDAF63 /* NamesEnums.swift in Sources */ = {isa = PBXBuildFile; fileRef = 543DCF9826F36DCC00BDAF63 /* NamesEnums.swift */; };
		54BA499526F8B0D000201438 /* ModalViewController.swift in Sources */ = {isa = PBXBuildFile; fileRef = 54BA499426F8B0D000201438 /* ModalViewController.swift */; };
		54BA499726F8B1B300201438 /* ModalComponent.swift in Sources */ = {isa = PBXBuildFile; fileRef = 54BA499626F8B1B300201438 /* ModalComponent.swift */; };
		54BA499926F8C2D900201438 /* RewardModalScene.swift in Sources */ = {isa = PBXBuildFile; fileRef = 54BA499826F8C2D900201438 /* RewardModalScene.swift */; };
		562C91DD26F8B3CD00548428 /* AlbumViewController.swift in Sources */ = {isa = PBXBuildFile; fileRef = 562C91DC26F8B3CD00548428 /* AlbumViewController.swift */; };
		562C91DF26F8B51D00548428 /* AlbumScene.swift in Sources */ = {isa = PBXBuildFile; fileRef = 562C91DE26F8B51D00548428 /* AlbumScene.swift */; };
		562C91E126F8C85300548428 /* CollectionViewCell.swift in Sources */ = {isa = PBXBuildFile; fileRef = 562C91E026F8C85300548428 /* CollectionViewCell.swift */; };
		568DDD8F27185C920067B94C /* ProfileSelectionCell.swift in Sources */ = {isa = PBXBuildFile; fileRef = 568DDD8E27185C920067B94C /* ProfileSelectionCell.swift */; };
		56937A182721943200615042 /* SettingsCell.swift in Sources */ = {isa = PBXBuildFile; fileRef = 56937A172721943100615042 /* SettingsCell.swift */; };
		56937A1A27219EA600615042 /* ProfileScene.swift in Sources */ = {isa = PBXBuildFile; fileRef = 56937A1927219EA600615042 /* ProfileScene.swift */; };
		56937A1C27219F2300615042 /* ProfileViewController.swift in Sources */ = {isa = PBXBuildFile; fileRef = 56937A1B27219F2300615042 /* ProfileViewController.swift */; };
		56937A1E2721A8DE00615042 /* ProfileCoordinator.swift in Sources */ = {isa = PBXBuildFile; fileRef = 56937A1D2721A8DE00615042 /* ProfileCoordinator.swift */; };
		569B432B26FB66DB0084071E /* PersistenceService.swift in Sources */ = {isa = PBXBuildFile; fileRef = 569B432A26FB66DB0084071E /* PersistenceService.swift */; };
		56B831D62707494F00490908 /* BrocoliSeTests.swift in Sources */ = {isa = PBXBuildFile; fileRef = 56B831D52707494F00490908 /* BrocoliSeTests.swift */; };
		56D1AB5426FA2523001A2486 /* IconButtonComponent.swift in Sources */ = {isa = PBXBuildFile; fileRef = 56D1AB5326FA2523001A2486 /* IconButtonComponent.swift */; };
		5F22C12D64DBC49B6281335B /* Pods_BrocoliSe.framework in Frameworks */ = {isa = PBXBuildFile; fileRef = 339A77E77343AA9D6B45448B /* Pods_BrocoliSe.framework */; };
		A47C62FD26F8B48600D6A54B /* OnboardingViewController.swift in Sources */ = {isa = PBXBuildFile; fileRef = A47C62FC26F8B48600D6A54B /* OnboardingViewController.swift */; };
		A47C630026F8B4E600D6A54B /* Onboarding01.swift in Sources */ = {isa = PBXBuildFile; fileRef = A47C62FF26F8B4E600D6A54B /* Onboarding01.swift */; };
		A47C630226F8B4F800D6A54B /* Onboarding02.swift in Sources */ = {isa = PBXBuildFile; fileRef = A47C630126F8B4F800D6A54B /* Onboarding02.swift */; };
		A47C630426F8B50000D6A54B /* Onboarding03.swift in Sources */ = {isa = PBXBuildFile; fileRef = A47C630326F8B50000D6A54B /* Onboarding03.swift */; };
		A47C630626F8B56A00D6A54B /* TextField.swift in Sources */ = {isa = PBXBuildFile; fileRef = A47C630526F8B56A00D6A54B /* TextField.swift */; };
		A47C630826F8B58100D6A54B /* FoodSelectorComponent.swift in Sources */ = {isa = PBXBuildFile; fileRef = A47C630726F8B58100D6A54B /* FoodSelectorComponent.swift */; };
		A47C630A26F8B66000D6A54B /* OnboardingCoordinator.swift in Sources */ = {isa = PBXBuildFile; fileRef = A47C630926F8B66000D6A54B /* OnboardingCoordinator.swift */; };
/* End PBXBuildFile section */

/* Begin PBXContainerItemProxy section */
		56B831D72707494F00490908 /* PBXContainerItemProxy */ = {
			isa = PBXContainerItemProxy;
			containerPortal = 3984BD3026E8E9AB00C92824 /* Project object */;
			proxyType = 1;
			remoteGlobalIDString = 3984BD3726E8E9AB00C92824;
			remoteInfo = BrocoliSe;
		};
/* End PBXContainerItemProxy section */

/* Begin PBXFileReference section */
		02A9E034F88539424516D3FD /* Pods-BrocoliSe.release.xcconfig */ = {isa = PBXFileReference; includeInIndex = 1; lastKnownFileType = text.xcconfig; name = "Pods-BrocoliSe.release.xcconfig"; path = "Target Support Files/Pods-BrocoliSe/Pods-BrocoliSe.release.xcconfig"; sourceTree = "<group>"; };
		339A77E77343AA9D6B45448B /* Pods_BrocoliSe.framework */ = {isa = PBXFileReference; explicitFileType = wrapper.framework; includeInIndex = 0; path = Pods_BrocoliSe.framework; sourceTree = BUILT_PRODUCTS_DIR; };
		3902B0D726EF7AD500FE2C8F /* Graviola-Regular.otf */ = {isa = PBXFileReference; lastKnownFileType = file; path = "Graviola-Regular.otf"; sourceTree = "<group>"; };
		3902B0DA26EF7AEB00FE2C8F /* GraviolaSoft-Medium.otf */ = {isa = PBXFileReference; lastKnownFileType = file; path = "GraviolaSoft-Medium.otf"; sourceTree = "<group>"; };
		3902B0E426EF96BC00FE2C8F /* Coordinator.swift */ = {isa = PBXFileReference; lastKnownFileType = sourcecode.swift; path = Coordinator.swift; sourceTree = "<group>"; };
		3902B0E826EF977900FE2C8F /* AppCoordinator.swift */ = {isa = PBXFileReference; lastKnownFileType = sourcecode.swift; path = AppCoordinator.swift; sourceTree = "<group>"; };
		3902B0EE26F0B1BB00FE2C8F /* TabCoordinator.swift */ = {isa = PBXFileReference; lastKnownFileType = sourcecode.swift; path = TabCoordinator.swift; sourceTree = "<group>"; };
		3902B0F226F0DD0200FE2C8F /* TabBarPage.swift */ = {isa = PBXFileReference; lastKnownFileType = sourcecode.swift; path = TabBarPage.swift; sourceTree = "<group>"; };
		392DA3972716FDBC00426712 /* EntityDeleteProtocol.swift */ = {isa = PBXFileReference; lastKnownFileType = sourcecode.swift; path = EntityDeleteProtocol.swift; sourceTree = "<group>"; };
		3932586426E8FF3F00A44687 /* Colors.swift */ = {isa = PBXFileReference; lastKnownFileType = sourcecode.swift; path = Colors.swift; sourceTree = "<group>"; };
		3932586726E8FF4900A44687 /* Fonts.swift */ = {isa = PBXFileReference; lastKnownFileType = sourcecode.swift; path = Fonts.swift; sourceTree = "<group>"; };
		3932586A26E8FF7A00A44687 /* Protocol.swift */ = {isa = PBXFileReference; lastKnownFileType = sourcecode.swift; path = Protocol.swift; sourceTree = "<group>"; };
		3932587026E9008000A44687 /* ProgressBarComponent.swift */ = {isa = PBXFileReference; lastKnownFileType = sourcecode.swift; path = ProgressBarComponent.swift; sourceTree = "<group>"; };
		3932587326E9008C00A44687 /* DiaryScene.swift */ = {isa = PBXFileReference; lastKnownFileType = sourcecode.swift; path = DiaryScene.swift; sourceTree = "<group>"; };
		394AEB1E26F7ADD200C5D8E7 /* DataModel.xcdatamodel */ = {isa = PBXFileReference; lastKnownFileType = wrapper.xcdatamodel; path = DataModel.xcdatamodel; sourceTree = "<group>"; };
		394AEB2126F7ADF700C5D8E7 /* CoreDataManager.swift */ = {isa = PBXFileReference; fileEncoding = 4; lastKnownFileType = sourcecode.swift; path = CoreDataManager.swift; sourceTree = "<group>"; };
		394AEB2526F7CE6D00C5D8E7 /* EntityCreateProtocol.swift */ = {isa = PBXFileReference; lastKnownFileType = sourcecode.swift; path = EntityCreateProtocol.swift; sourceTree = "<group>"; };
		394AEB2926F7CEBE00C5D8E7 /* EntitySaveProtocol.swift */ = {isa = PBXFileReference; lastKnownFileType = sourcecode.swift; path = EntitySaveProtocol.swift; sourceTree = "<group>"; };
		394AEB2C26F7CF0C00C5D8E7 /* EntityFetchProtocol.swift */ = {isa = PBXFileReference; lastKnownFileType = sourcecode.swift; path = EntityFetchProtocol.swift; sourceTree = "<group>"; };
		3950D13226F3DFFC003D3E97 /* DiaryCardComponent.swift */ = {isa = PBXFileReference; lastKnownFileType = sourcecode.swift; path = DiaryCardComponent.swift; sourceTree = "<group>"; };
		3984BD3826E8E9AB00C92824 /* BrocoliSe.app */ = {isa = PBXFileReference; explicitFileType = wrapper.application; includeInIndex = 0; path = BrocoliSe.app; sourceTree = BUILT_PRODUCTS_DIR; };
		3984BD3B26E8E9AB00C92824 /* AppDelegate.swift */ = {isa = PBXFileReference; lastKnownFileType = sourcecode.swift; path = AppDelegate.swift; sourceTree = "<group>"; };
		3984BD3D26E8E9AB00C92824 /* SceneDelegate.swift */ = {isa = PBXFileReference; lastKnownFileType = sourcecode.swift; path = SceneDelegate.swift; sourceTree = "<group>"; };
		3984BD3F26E8E9AB00C92824 /* DiaryViewController.swift */ = {isa = PBXFileReference; lastKnownFileType = sourcecode.swift; path = DiaryViewController.swift; sourceTree = "<group>"; };
		3984BD4426E8E9AC00C92824 /* Assets.xcassets */ = {isa = PBXFileReference; lastKnownFileType = folder.assetcatalog; path = Assets.xcassets; sourceTree = "<group>"; };
		3984BD4726E8E9AC00C92824 /* Base */ = {isa = PBXFileReference; lastKnownFileType = file.storyboard; name = Base; path = Base.lproj/LaunchScreen.storyboard; sourceTree = "<group>"; };
		3984BD4926E8E9AC00C92824 /* Info.plist */ = {isa = PBXFileReference; lastKnownFileType = text.plist.xml; path = Info.plist; sourceTree = "<group>"; };
		39DA525B26F7E4DF00158880 /* FactoryControllers.swift */ = {isa = PBXFileReference; lastKnownFileType = sourcecode.swift; path = FactoryControllers.swift; sourceTree = "<group>"; };
		39DA525F26F9FFEC00158880 /* StringExtension.swift */ = {isa = PBXFileReference; lastKnownFileType = sourcecode.swift; path = StringExtension.swift; sourceTree = "<group>"; };
		39DA538926FD584400158880 /* UIViewExtension.swift */ = {isa = PBXFileReference; lastKnownFileType = sourcecode.swift; path = UIViewExtension.swift; sourceTree = "<group>"; };
		54109F1526F2959700EC4C10 /* DiaryTableViewCellComponent.swift */ = {isa = PBXFileReference; lastKnownFileType = sourcecode.swift; path = DiaryTableViewCellComponent.swift; sourceTree = "<group>"; };
		543DCF9826F36DCC00BDAF63 /* NamesEnums.swift */ = {isa = PBXFileReference; lastKnownFileType = sourcecode.swift; path = NamesEnums.swift; sourceTree = "<group>"; };
		54BA499426F8B0D000201438 /* ModalViewController.swift */ = {isa = PBXFileReference; lastKnownFileType = sourcecode.swift; path = ModalViewController.swift; sourceTree = "<group>"; };
		54BA499626F8B1B300201438 /* ModalComponent.swift */ = {isa = PBXFileReference; lastKnownFileType = sourcecode.swift; path = ModalComponent.swift; sourceTree = "<group>"; };
		54BA499826F8C2D900201438 /* RewardModalScene.swift */ = {isa = PBXFileReference; lastKnownFileType = sourcecode.swift; path = RewardModalScene.swift; sourceTree = "<group>"; };
		562C91DC26F8B3CD00548428 /* AlbumViewController.swift */ = {isa = PBXFileReference; lastKnownFileType = sourcecode.swift; path = AlbumViewController.swift; sourceTree = "<group>"; };
		562C91DE26F8B51D00548428 /* AlbumScene.swift */ = {isa = PBXFileReference; lastKnownFileType = sourcecode.swift; path = AlbumScene.swift; sourceTree = "<group>"; };
		562C91E026F8C85300548428 /* CollectionViewCell.swift */ = {isa = PBXFileReference; lastKnownFileType = sourcecode.swift; path = CollectionViewCell.swift; sourceTree = "<group>"; };
		568DDD8E27185C920067B94C /* ProfileSelectionCell.swift */ = {isa = PBXFileReference; lastKnownFileType = sourcecode.swift; path = ProfileSelectionCell.swift; sourceTree = "<group>"; };
		56937A172721943100615042 /* SettingsCell.swift */ = {isa = PBXFileReference; lastKnownFileType = sourcecode.swift; path = SettingsCell.swift; sourceTree = "<group>"; };
		56937A1927219EA600615042 /* ProfileScene.swift */ = {isa = PBXFileReference; lastKnownFileType = sourcecode.swift; path = ProfileScene.swift; sourceTree = "<group>"; };
		56937A1B27219F2300615042 /* ProfileViewController.swift */ = {isa = PBXFileReference; lastKnownFileType = sourcecode.swift; path = ProfileViewController.swift; sourceTree = "<group>"; };
		56937A1D2721A8DE00615042 /* ProfileCoordinator.swift */ = {isa = PBXFileReference; lastKnownFileType = sourcecode.swift; path = ProfileCoordinator.swift; sourceTree = "<group>"; };
		569B432A26FB66DB0084071E /* PersistenceService.swift */ = {isa = PBXFileReference; lastKnownFileType = sourcecode.swift; path = PersistenceService.swift; sourceTree = "<group>"; };
		56B831D32707494F00490908 /* BrocoliSeTests.xctest */ = {isa = PBXFileReference; explicitFileType = wrapper.cfbundle; includeInIndex = 0; path = BrocoliSeTests.xctest; sourceTree = BUILT_PRODUCTS_DIR; };
		56B831D52707494F00490908 /* BrocoliSeTests.swift */ = {isa = PBXFileReference; lastKnownFileType = sourcecode.swift; path = BrocoliSeTests.swift; sourceTree = "<group>"; };
		56D1AB5326FA2523001A2486 /* IconButtonComponent.swift */ = {isa = PBXFileReference; lastKnownFileType = sourcecode.swift; path = IconButtonComponent.swift; sourceTree = "<group>"; };
		7FA58FB81DD24388A0BB3880 /* Pods-BrocoliSe.debug.xcconfig */ = {isa = PBXFileReference; includeInIndex = 1; lastKnownFileType = text.xcconfig; name = "Pods-BrocoliSe.debug.xcconfig"; path = "Target Support Files/Pods-BrocoliSe/Pods-BrocoliSe.debug.xcconfig"; sourceTree = "<group>"; };
		A47C62FC26F8B48600D6A54B /* OnboardingViewController.swift */ = {isa = PBXFileReference; lastKnownFileType = sourcecode.swift; path = OnboardingViewController.swift; sourceTree = "<group>"; };
		A47C62FF26F8B4E600D6A54B /* Onboarding01.swift */ = {isa = PBXFileReference; lastKnownFileType = sourcecode.swift; path = Onboarding01.swift; sourceTree = "<group>"; };
		A47C630126F8B4F800D6A54B /* Onboarding02.swift */ = {isa = PBXFileReference; lastKnownFileType = sourcecode.swift; path = Onboarding02.swift; sourceTree = "<group>"; };
		A47C630326F8B50000D6A54B /* Onboarding03.swift */ = {isa = PBXFileReference; lastKnownFileType = sourcecode.swift; path = Onboarding03.swift; sourceTree = "<group>"; };
		A47C630526F8B56A00D6A54B /* TextField.swift */ = {isa = PBXFileReference; lastKnownFileType = sourcecode.swift; path = TextField.swift; sourceTree = "<group>"; };
		A47C630726F8B58100D6A54B /* FoodSelectorComponent.swift */ = {isa = PBXFileReference; lastKnownFileType = sourcecode.swift; path = FoodSelectorComponent.swift; sourceTree = "<group>"; };
		A47C630926F8B66000D6A54B /* OnboardingCoordinator.swift */ = {isa = PBXFileReference; lastKnownFileType = sourcecode.swift; path = OnboardingCoordinator.swift; sourceTree = "<group>"; };
		A48BD8472705DE6100A265D8 /* pt-BR */ = {isa = PBXFileReference; lastKnownFileType = text.plist.strings; name = "pt-BR"; path = "pt-BR.lproj/LaunchScreen.strings"; sourceTree = "<group>"; };
/* End PBXFileReference section */

/* Begin PBXFrameworksBuildPhase section */
		3984BD3526E8E9AB00C92824 /* Frameworks */ = {
			isa = PBXFrameworksBuildPhase;
			buildActionMask = 2147483647;
			files = (
				5F22C12D64DBC49B6281335B /* Pods_BrocoliSe.framework in Frameworks */,
			);
			runOnlyForDeploymentPostprocessing = 0;
		};
		56B831D02707494F00490908 /* Frameworks */ = {
			isa = PBXFrameworksBuildPhase;
			buildActionMask = 2147483647;
			files = (
			);
			runOnlyForDeploymentPostprocessing = 0;
		};
/* End PBXFrameworksBuildPhase section */

/* Begin PBXGroup section */
		3902B0E326EF96AB00FE2C8F /* Coordinators */ = {
			isa = PBXGroup;
			children = (
				3902B0E426EF96BC00FE2C8F /* Coordinator.swift */,
				3902B0E826EF977900FE2C8F /* AppCoordinator.swift */,
				3902B0EE26F0B1BB00FE2C8F /* TabCoordinator.swift */,
				3902B0F226F0DD0200FE2C8F /* TabBarPage.swift */,
				39DA525B26F7E4DF00158880 /* FactoryControllers.swift */,
				A47C630926F8B66000D6A54B /* OnboardingCoordinator.swift */,
				56937A1D2721A8DE00615042 /* ProfileCoordinator.swift */,
			);
			path = Coordinators;
			sourceTree = "<group>";
		};
		394AEB1C26F7AD9C00C5D8E7 /* CoreData */ = {
			isa = PBXGroup;
			children = (
				394AEB1D26F7ADD200C5D8E7 /* DataModel.xcdatamodeld */,
			);
			path = CoreData;
			sourceTree = "<group>";
		};
		394AEB2426F7CE4700C5D8E7 /* UseCases */ = {
			isa = PBXGroup;
			children = (
				394AEB2526F7CE6D00C5D8E7 /* EntityCreateProtocol.swift */,
				394AEB2926F7CEBE00C5D8E7 /* EntitySaveProtocol.swift */,
				394AEB2C26F7CF0C00C5D8E7 /* EntityFetchProtocol.swift */,
				392DA3972716FDBC00426712 /* EntityDeleteProtocol.swift */,
			);
			path = UseCases;
			sourceTree = "<group>";
		};
		3984BD2F26E8E9AB00C92824 = {
			isa = PBXGroup;
			children = (
				3984BD3A26E8E9AB00C92824 /* BrocoliSe */,
				56B831D42707494F00490908 /* BrocoliSeTests */,
				3984BD3926E8E9AB00C92824 /* Products */,
				51F8D0A3306B81203B7F79CE /* Pods */,
				F5092037EE03D133043F77A8 /* Frameworks */,
			);
			sourceTree = "<group>";
		};
		3984BD3926E8E9AB00C92824 /* Products */ = {
			isa = PBXGroup;
			children = (
				3984BD3826E8E9AB00C92824 /* BrocoliSe.app */,
				56B831D32707494F00490908 /* BrocoliSeTests.xctest */,
			);
			name = Products;
			sourceTree = "<group>";
		};
		3984BD3A26E8E9AB00C92824 /* BrocoliSe */ = {
			isa = PBXGroup;
			children = (
				394AEB1C26F7AD9C00C5D8E7 /* CoreData */,
				543DCF9726F36DB600BDAF63 /* Utilities */,
				3902B0E326EF96AB00FE2C8F /* Coordinators */,
				3984BD5726E8FC9A00C92824 /* Protocols */,
				3984BD5626E8FC9300C92824 /* View */,
				3984BD5526E8FC9000C92824 /* Controller */,
				3984BD5426E8FC8D00C92824 /* Model */,
				3984BD3B26E8E9AB00C92824 /* AppDelegate.swift */,
				3984BD3D26E8E9AB00C92824 /* SceneDelegate.swift */,
				3984BD4426E8E9AC00C92824 /* Assets.xcassets */,
				3984BD4626E8E9AC00C92824 /* LaunchScreen.storyboard */,
				3984BD4926E8E9AC00C92824 /* Info.plist */,
			);
			path = BrocoliSe;
			sourceTree = "<group>";
		};
		3984BD5426E8FC8D00C92824 /* Model */ = {
			isa = PBXGroup;
			children = (
				394AEB2126F7ADF700C5D8E7 /* CoreDataManager.swift */,
				394AEB2426F7CE4700C5D8E7 /* UseCases */,
				569B432A26FB66DB0084071E /* PersistenceService.swift */,
			);
			path = Model;
			sourceTree = "<group>";
		};
		3984BD5526E8FC9000C92824 /* Controller */ = {
			isa = PBXGroup;
			children = (
				3984BD3F26E8E9AB00C92824 /* DiaryViewController.swift */,
				562C91DC26F8B3CD00548428 /* AlbumViewController.swift */,
				A47C62FC26F8B48600D6A54B /* OnboardingViewController.swift */,
				54BA499426F8B0D000201438 /* ModalViewController.swift */,
				56937A1B27219F2300615042 /* ProfileViewController.swift */,
			);
			path = Controller;
			sourceTree = "<group>";
		};
		3984BD5626E8FC9300C92824 /* View */ = {
			isa = PBXGroup;
			children = (
				3984BD5826E8FCD700C92824 /* Colors */,
				3984BD5A26E8FCF400C92824 /* Fonts */,
				3984BD5926E8FCE900C92824 /* Components */,
				3984BD5B26E8FCFF00C92824 /* Scenes */,
			);
			path = View;
			sourceTree = "<group>";
		};
		3984BD5726E8FC9A00C92824 /* Protocols */ = {
			isa = PBXGroup;
			children = (
				3932586A26E8FF7A00A44687 /* Protocol.swift */,
			);
			path = Protocols;
			sourceTree = "<group>";
		};
		3984BD5826E8FCD700C92824 /* Colors */ = {
			isa = PBXGroup;
			children = (
				3932586426E8FF3F00A44687 /* Colors.swift */,
			);
			path = Colors;
			sourceTree = "<group>";
		};
		3984BD5926E8FCE900C92824 /* Components */ = {
			isa = PBXGroup;
			children = (
				3950D13226F3DFFC003D3E97 /* DiaryCardComponent.swift */,
				3932587026E9008000A44687 /* ProgressBarComponent.swift */,
				54109F1526F2959700EC4C10 /* DiaryTableViewCellComponent.swift */,
				562C91E026F8C85300548428 /* CollectionViewCell.swift */,
				A47C630526F8B56A00D6A54B /* TextField.swift */,
				A47C630726F8B58100D6A54B /* FoodSelectorComponent.swift */,
				54BA499626F8B1B300201438 /* ModalComponent.swift */,
				56D1AB5326FA2523001A2486 /* IconButtonComponent.swift */,
				568DDD8E27185C920067B94C /* ProfileSelectionCell.swift */,
				56937A172721943100615042 /* SettingsCell.swift */,
			);
			path = Components;
			sourceTree = "<group>";
		};
		3984BD5A26E8FCF400C92824 /* Fonts */ = {
			isa = PBXGroup;
			children = (
				3902B0DA26EF7AEB00FE2C8F /* GraviolaSoft-Medium.otf */,
				3902B0D726EF7AD500FE2C8F /* Graviola-Regular.otf */,
				3932586726E8FF4900A44687 /* Fonts.swift */,
			);
			path = Fonts;
			sourceTree = "<group>";
		};
		3984BD5B26E8FCFF00C92824 /* Scenes */ = {
			isa = PBXGroup;
			children = (
				A47C62FE26F8B4C600D6A54B /* Onboardings */,
				3932587326E9008C00A44687 /* DiaryScene.swift */,
				562C91DE26F8B51D00548428 /* AlbumScene.swift */,
				54BA499826F8C2D900201438 /* RewardModalScene.swift */,
				56937A1927219EA600615042 /* ProfileScene.swift */,
			);
			path = Scenes;
			sourceTree = "<group>";
		};
		51F8D0A3306B81203B7F79CE /* Pods */ = {
			isa = PBXGroup;
			children = (
				7FA58FB81DD24388A0BB3880 /* Pods-BrocoliSe.debug.xcconfig */,
				02A9E034F88539424516D3FD /* Pods-BrocoliSe.release.xcconfig */,
			);
			path = Pods;
			sourceTree = "<group>";
		};
		543DCF9726F36DB600BDAF63 /* Utilities */ = {
			isa = PBXGroup;
			children = (
				543DCF9826F36DCC00BDAF63 /* NamesEnums.swift */,
				39DA525F26F9FFEC00158880 /* StringExtension.swift */,
				39DA538926FD584400158880 /* UIViewExtension.swift */,
			);
			path = Utilities;
			sourceTree = "<group>";
		};
		56B831D42707494F00490908 /* BrocoliSeTests */ = {
			isa = PBXGroup;
			children = (
				56B831D52707494F00490908 /* BrocoliSeTests.swift */,
			);
			path = BrocoliSeTests;
			sourceTree = "<group>";
		};
		A47C62FE26F8B4C600D6A54B /* Onboardings */ = {
			isa = PBXGroup;
			children = (
				A47C62FF26F8B4E600D6A54B /* Onboarding01.swift */,
				A47C630126F8B4F800D6A54B /* Onboarding02.swift */,
				A47C630326F8B50000D6A54B /* Onboarding03.swift */,
			);
			path = Onboardings;
			sourceTree = "<group>";
		};
		F5092037EE03D133043F77A8 /* Frameworks */ = {
			isa = PBXGroup;
			children = (
				339A77E77343AA9D6B45448B /* Pods_BrocoliSe.framework */,
			);
			name = Frameworks;
			sourceTree = "<group>";
		};
/* End PBXGroup section */

/* Begin PBXNativeTarget section */
		3984BD3726E8E9AB00C92824 /* BrocoliSe */ = {
			isa = PBXNativeTarget;
			buildConfigurationList = 3984BD4C26E8E9AC00C92824 /* Build configuration list for PBXNativeTarget "BrocoliSe" */;
			buildPhases = (
				98EE72D5E36E61E5E9CDD260 /* [CP] Check Pods Manifest.lock */,
				3984BD3426E8E9AB00C92824 /* Sources */,
				3984BD3526E8E9AB00C92824 /* Frameworks */,
				3984BD3626E8E9AB00C92824 /* Resources */,
				3984BD5026E8EFE300C92824 /* ShellScript */,
				BD9AB581B54DF394EEE84BE9 /* [CP] Embed Pods Frameworks */,
			);
			buildRules = (
			);
			dependencies = (
			);
			name = BrocoliSe;
			productName = BrocoliSe;
			productReference = 3984BD3826E8E9AB00C92824 /* BrocoliSe.app */;
			productType = "com.apple.product-type.application";
		};
		56B831D22707494F00490908 /* BrocoliSeTests */ = {
			isa = PBXNativeTarget;
			buildConfigurationList = 56B831DB2707494F00490908 /* Build configuration list for PBXNativeTarget "BrocoliSeTests" */;
			buildPhases = (
				56B831CF2707494F00490908 /* Sources */,
				56B831D02707494F00490908 /* Frameworks */,
				56B831D12707494F00490908 /* Resources */,
			);
			buildRules = (
			);
			dependencies = (
				56B831D82707494F00490908 /* PBXTargetDependency */,
			);
			name = BrocoliSeTests;
			productName = BrocoliSeTests;
			productReference = 56B831D32707494F00490908 /* BrocoliSeTests.xctest */;
			productType = "com.apple.product-type.bundle.unit-test";
		};
/* End PBXNativeTarget section */

/* Begin PBXProject section */
		3984BD3026E8E9AB00C92824 /* Project object */ = {
			isa = PBXProject;
			attributes = {
				LastSwiftUpdateCheck = 1300;
				LastUpgradeCheck = 1240;
				TargetAttributes = {
					3984BD3726E8E9AB00C92824 = {
						CreatedOnToolsVersion = 12.4;
					};
					56B831D22707494F00490908 = {
						CreatedOnToolsVersion = 13.0;
						TestTargetID = 3984BD3726E8E9AB00C92824;
					};
				};
			};
			buildConfigurationList = 3984BD3326E8E9AB00C92824 /* Build configuration list for PBXProject "BrocoliSe" */;
			compatibilityVersion = "Xcode 9.3";
			developmentRegion = "pt-BR";
			hasScannedForEncodings = 0;
			knownRegions = (
				en,
				Base,
				"pt-BR",
			);
			mainGroup = 3984BD2F26E8E9AB00C92824;
			productRefGroup = 3984BD3926E8E9AB00C92824 /* Products */;
			projectDirPath = "";
			projectRoot = "";
			targets = (
				3984BD3726E8E9AB00C92824 /* BrocoliSe */,
				56B831D22707494F00490908 /* BrocoliSeTests */,
			);
		};
/* End PBXProject section */

/* Begin PBXResourcesBuildPhase section */
		3984BD3626E8E9AB00C92824 /* Resources */ = {
			isa = PBXResourcesBuildPhase;
			buildActionMask = 2147483647;
			files = (
				3984BD4826E8E9AC00C92824 /* LaunchScreen.storyboard in Resources */,
				3902B0DB26EF7AEB00FE2C8F /* GraviolaSoft-Medium.otf in Resources */,
				3984BD4526E8E9AC00C92824 /* Assets.xcassets in Resources */,
				3902B0D826EF7AD500FE2C8F /* Graviola-Regular.otf in Resources */,
			);
			runOnlyForDeploymentPostprocessing = 0;
		};
		56B831D12707494F00490908 /* Resources */ = {
			isa = PBXResourcesBuildPhase;
			buildActionMask = 2147483647;
			files = (
			);
			runOnlyForDeploymentPostprocessing = 0;
		};
/* End PBXResourcesBuildPhase section */

/* Begin PBXShellScriptBuildPhase section */
		3984BD5026E8EFE300C92824 /* ShellScript */ = {
			isa = PBXShellScriptBuildPhase;
			buildActionMask = 2147483647;
			files = (
			);
			inputFileListPaths = (
			);
			inputPaths = (
			);
			outputFileListPaths = (
			);
			outputPaths = (
			);
			runOnlyForDeploymentPostprocessing = 0;
			shellPath = /bin/sh;
			shellScript = "if which swiftlint >/dev/null; then\n  swiftlint\nelse\n  echo \"warning: SwiftLint not installed, download from https://github.com/realm/SwiftLint\"\nfi\n";
		};
		98EE72D5E36E61E5E9CDD260 /* [CP] Check Pods Manifest.lock */ = {
			isa = PBXShellScriptBuildPhase;
			buildActionMask = 2147483647;
			files = (
			);
			inputFileListPaths = (
			);
			inputPaths = (
				"${PODS_PODFILE_DIR_PATH}/Podfile.lock",
				"${PODS_ROOT}/Manifest.lock",
			);
			name = "[CP] Check Pods Manifest.lock";
			outputFileListPaths = (
			);
			outputPaths = (
				"$(DERIVED_FILE_DIR)/Pods-BrocoliSe-checkManifestLockResult.txt",
			);
			runOnlyForDeploymentPostprocessing = 0;
			shellPath = /bin/sh;
			shellScript = "diff \"${PODS_PODFILE_DIR_PATH}/Podfile.lock\" \"${PODS_ROOT}/Manifest.lock\" > /dev/null\nif [ $? != 0 ] ; then\n    # print error to STDERR\n    echo \"error: The sandbox is not in sync with the Podfile.lock. Run 'pod install' or update your CocoaPods installation.\" >&2\n    exit 1\nfi\n# This output is used by Xcode 'outputs' to avoid re-running this script phase.\necho \"SUCCESS\" > \"${SCRIPT_OUTPUT_FILE_0}\"\n";
			showEnvVarsInLog = 0;
		};
		BD9AB581B54DF394EEE84BE9 /* [CP] Embed Pods Frameworks */ = {
			isa = PBXShellScriptBuildPhase;
			buildActionMask = 2147483647;
			files = (
			);
			inputFileListPaths = (
				"${PODS_ROOT}/Target Support Files/Pods-BrocoliSe/Pods-BrocoliSe-frameworks-${CONFIGURATION}-input-files.xcfilelist",
			);
			name = "[CP] Embed Pods Frameworks";
			outputFileListPaths = (
				"${PODS_ROOT}/Target Support Files/Pods-BrocoliSe/Pods-BrocoliSe-frameworks-${CONFIGURATION}-output-files.xcfilelist",
			);
			runOnlyForDeploymentPostprocessing = 0;
			shellPath = /bin/sh;
			shellScript = "\"${PODS_ROOT}/Target Support Files/Pods-BrocoliSe/Pods-BrocoliSe-frameworks.sh\"\n";
			showEnvVarsInLog = 0;
		};
/* End PBXShellScriptBuildPhase section */

/* Begin PBXSourcesBuildPhase section */
		3984BD3426E8E9AB00C92824 /* Sources */ = {
			isa = PBXSourcesBuildPhase;
			buildActionMask = 2147483647;
			files = (
				A47C630626F8B56A00D6A54B /* TextField.swift in Sources */,
				56D1AB5426FA2523001A2486 /* IconButtonComponent.swift in Sources */,
				54BA499926F8C2D900201438 /* RewardModalScene.swift in Sources */,
				3932587126E9008000A44687 /* ProgressBarComponent.swift in Sources */,
				A47C630226F8B4F800D6A54B /* Onboarding02.swift in Sources */,
				56937A1A27219EA600615042 /* ProfileScene.swift in Sources */,
				56937A1C27219F2300615042 /* ProfileViewController.swift in Sources */,
				A47C630826F8B58100D6A54B /* FoodSelectorComponent.swift in Sources */,
				A47C630026F8B4E600D6A54B /* Onboarding01.swift in Sources */,
				56937A182721943200615042 /* SettingsCell.swift in Sources */,
				3902B0E526EF96BC00FE2C8F /* Coordinator.swift in Sources */,
				394AEB2226F7ADF700C5D8E7 /* CoreDataManager.swift in Sources */,
				39DA538A26FD584500158880 /* UIViewExtension.swift in Sources */,
				3932587126E9008000A44687 /* ProgressBarComponent.swift in Sources */,
				54109F1626F2959700EC4C10 /* DiaryTableViewCellComponent.swift in Sources */,
				569B432B26FB66DB0084071E /* PersistenceService.swift in Sources */,
				3932587426E9008C00A44687 /* DiaryScene.swift in Sources */,
				3984BD4026E8E9AB00C92824 /* DiaryViewController.swift in Sources */,
				392DA3982716FDBC00426712 /* EntityDeleteProtocol.swift in Sources */,
				A47C62FD26F8B48600D6A54B /* OnboardingViewController.swift in Sources */,
				543DCF9926F36DCC00BDAF63 /* NamesEnums.swift in Sources */,
				A47C630A26F8B66000D6A54B /* OnboardingCoordinator.swift in Sources */,
				A47C630426F8B50000D6A54B /* Onboarding03.swift in Sources */,
				3902B0E926EF977900FE2C8F /* AppCoordinator.swift in Sources */,
				568DDD8F27185C920067B94C /* ProfileSelectionCell.swift in Sources */,
				562C91DF26F8B51D00548428 /* AlbumScene.swift in Sources */,
				562C91E126F8C85300548428 /* CollectionViewCell.swift in Sources */,
				3950D13326F3DFFC003D3E97 /* DiaryCardComponent.swift in Sources */,
				54BA499726F8B1B300201438 /* ModalComponent.swift in Sources */,
				3932586826E8FF4900A44687 /* Fonts.swift in Sources */,
				3902B0F326F0DD0200FE2C8F /* TabBarPage.swift in Sources */,
				562C91DD26F8B3CD00548428 /* AlbumViewController.swift in Sources */,
				3932586526E8FF3F00A44687 /* Colors.swift in Sources */,
				3984BD3C26E8E9AB00C92824 /* AppDelegate.swift in Sources */,
				39DA525C26F7E4DF00158880 /* FactoryControllers.swift in Sources */,
				3984BD3E26E8E9AB00C92824 /* SceneDelegate.swift in Sources */,
				394AEB1F26F7ADD200C5D8E7 /* DataModel.xcdatamodeld in Sources */,
				394AEB2626F7CE6D00C5D8E7 /* EntityCreateProtocol.swift in Sources */,
				394AEB2D26F7CF0C00C5D8E7 /* EntityFetchProtocol.swift in Sources */,
				39DA526026F9FFEC00158880 /* StringExtension.swift in Sources */,
				3902B0EF26F0B1BB00FE2C8F /* TabCoordinator.swift in Sources */,
				394AEB2A26F7CEBE00C5D8E7 /* EntitySaveProtocol.swift in Sources */,
				54BA499526F8B0D000201438 /* ModalViewController.swift in Sources */,
				56937A1E2721A8DE00615042 /* ProfileCoordinator.swift in Sources */,
				3932586B26E8FF7A00A44687 /* Protocol.swift in Sources */,
			);
			runOnlyForDeploymentPostprocessing = 0;
		};
		56B831CF2707494F00490908 /* Sources */ = {
			isa = PBXSourcesBuildPhase;
			buildActionMask = 2147483647;
			files = (
				56B831D62707494F00490908 /* BrocoliSeTests.swift in Sources */,
			);
			runOnlyForDeploymentPostprocessing = 0;
		};
/* End PBXSourcesBuildPhase section */

/* Begin PBXTargetDependency section */
		56B831D82707494F00490908 /* PBXTargetDependency */ = {
			isa = PBXTargetDependency;
			target = 3984BD3726E8E9AB00C92824 /* BrocoliSe */;
			targetProxy = 56B831D72707494F00490908 /* PBXContainerItemProxy */;
		};
/* End PBXTargetDependency section */

/* Begin PBXVariantGroup section */
		3984BD4626E8E9AC00C92824 /* LaunchScreen.storyboard */ = {
			isa = PBXVariantGroup;
			children = (
				3984BD4726E8E9AC00C92824 /* Base */,
				A48BD8472705DE6100A265D8 /* pt-BR */,
			);
			name = LaunchScreen.storyboard;
			sourceTree = "<group>";
		};
/* End PBXVariantGroup section */

/* Begin XCBuildConfiguration section */
		3984BD4A26E8E9AC00C92824 /* Debug */ = {
			isa = XCBuildConfiguration;
			buildSettings = {
				ALWAYS_SEARCH_USER_PATHS = NO;
				CLANG_ANALYZER_LOCALIZABILITY_NONLOCALIZED = YES;
				CLANG_ANALYZER_NONNULL = YES;
				CLANG_ANALYZER_NUMBER_OBJECT_CONVERSION = YES_AGGRESSIVE;
				CLANG_CXX_LANGUAGE_STANDARD = "gnu++14";
				CLANG_CXX_LIBRARY = "libc++";
				CLANG_ENABLE_MODULES = YES;
				CLANG_ENABLE_OBJC_ARC = YES;
				CLANG_ENABLE_OBJC_WEAK = YES;
				CLANG_WARN_BLOCK_CAPTURE_AUTORELEASING = YES;
				CLANG_WARN_BOOL_CONVERSION = YES;
				CLANG_WARN_COMMA = YES;
				CLANG_WARN_CONSTANT_CONVERSION = YES;
				CLANG_WARN_DEPRECATED_OBJC_IMPLEMENTATIONS = YES;
				CLANG_WARN_DIRECT_OBJC_ISA_USAGE = YES_ERROR;
				CLANG_WARN_DOCUMENTATION_COMMENTS = YES;
				CLANG_WARN_EMPTY_BODY = YES;
				CLANG_WARN_ENUM_CONVERSION = YES;
				CLANG_WARN_INFINITE_RECURSION = YES;
				CLANG_WARN_INT_CONVERSION = YES;
				CLANG_WARN_NON_LITERAL_NULL_CONVERSION = YES;
				CLANG_WARN_OBJC_IMPLICIT_RETAIN_SELF = YES;
				CLANG_WARN_OBJC_LITERAL_CONVERSION = YES;
				CLANG_WARN_OBJC_ROOT_CLASS = YES_ERROR;
				CLANG_WARN_QUOTED_INCLUDE_IN_FRAMEWORK_HEADER = YES;
				CLANG_WARN_RANGE_LOOP_ANALYSIS = YES;
				CLANG_WARN_STRICT_PROTOTYPES = YES;
				CLANG_WARN_SUSPICIOUS_MOVE = YES;
				CLANG_WARN_UNGUARDED_AVAILABILITY = YES_AGGRESSIVE;
				CLANG_WARN_UNREACHABLE_CODE = YES;
				CLANG_WARN__DUPLICATE_METHOD_MATCH = YES;
				COPY_PHASE_STRIP = NO;
				DEBUG_INFORMATION_FORMAT = dwarf;
				ENABLE_STRICT_OBJC_MSGSEND = YES;
				ENABLE_TESTABILITY = YES;
				GCC_C_LANGUAGE_STANDARD = gnu11;
				GCC_DYNAMIC_NO_PIC = NO;
				GCC_NO_COMMON_BLOCKS = YES;
				GCC_OPTIMIZATION_LEVEL = 0;
				GCC_PREPROCESSOR_DEFINITIONS = (
					"DEBUG=1",
					"$(inherited)",
				);
				GCC_WARN_64_TO_32_BIT_CONVERSION = YES;
				GCC_WARN_ABOUT_RETURN_TYPE = YES_ERROR;
				GCC_WARN_UNDECLARED_SELECTOR = YES;
				GCC_WARN_UNINITIALIZED_AUTOS = YES_AGGRESSIVE;
				GCC_WARN_UNUSED_FUNCTION = YES;
				GCC_WARN_UNUSED_VARIABLE = YES;
				IPHONEOS_DEPLOYMENT_TARGET = 13.0;
				MTL_ENABLE_DEBUG_INFO = INCLUDE_SOURCE;
				MTL_FAST_MATH = YES;
				ONLY_ACTIVE_ARCH = YES;
				SDKROOT = iphoneos;
				SWIFT_ACTIVE_COMPILATION_CONDITIONS = DEBUG;
				SWIFT_OPTIMIZATION_LEVEL = "-Onone";
			};
			name = Debug;
		};
		3984BD4B26E8E9AC00C92824 /* Release */ = {
			isa = XCBuildConfiguration;
			buildSettings = {
				ALWAYS_SEARCH_USER_PATHS = NO;
				CLANG_ANALYZER_LOCALIZABILITY_NONLOCALIZED = YES;
				CLANG_ANALYZER_NONNULL = YES;
				CLANG_ANALYZER_NUMBER_OBJECT_CONVERSION = YES_AGGRESSIVE;
				CLANG_CXX_LANGUAGE_STANDARD = "gnu++14";
				CLANG_CXX_LIBRARY = "libc++";
				CLANG_ENABLE_MODULES = YES;
				CLANG_ENABLE_OBJC_ARC = YES;
				CLANG_ENABLE_OBJC_WEAK = YES;
				CLANG_WARN_BLOCK_CAPTURE_AUTORELEASING = YES;
				CLANG_WARN_BOOL_CONVERSION = YES;
				CLANG_WARN_COMMA = YES;
				CLANG_WARN_CONSTANT_CONVERSION = YES;
				CLANG_WARN_DEPRECATED_OBJC_IMPLEMENTATIONS = YES;
				CLANG_WARN_DIRECT_OBJC_ISA_USAGE = YES_ERROR;
				CLANG_WARN_DOCUMENTATION_COMMENTS = YES;
				CLANG_WARN_EMPTY_BODY = YES;
				CLANG_WARN_ENUM_CONVERSION = YES;
				CLANG_WARN_INFINITE_RECURSION = YES;
				CLANG_WARN_INT_CONVERSION = YES;
				CLANG_WARN_NON_LITERAL_NULL_CONVERSION = YES;
				CLANG_WARN_OBJC_IMPLICIT_RETAIN_SELF = YES;
				CLANG_WARN_OBJC_LITERAL_CONVERSION = YES;
				CLANG_WARN_OBJC_ROOT_CLASS = YES_ERROR;
				CLANG_WARN_QUOTED_INCLUDE_IN_FRAMEWORK_HEADER = YES;
				CLANG_WARN_RANGE_LOOP_ANALYSIS = YES;
				CLANG_WARN_STRICT_PROTOTYPES = YES;
				CLANG_WARN_SUSPICIOUS_MOVE = YES;
				CLANG_WARN_UNGUARDED_AVAILABILITY = YES_AGGRESSIVE;
				CLANG_WARN_UNREACHABLE_CODE = YES;
				CLANG_WARN__DUPLICATE_METHOD_MATCH = YES;
				COPY_PHASE_STRIP = NO;
				DEBUG_INFORMATION_FORMAT = "dwarf-with-dsym";
				ENABLE_NS_ASSERTIONS = NO;
				ENABLE_STRICT_OBJC_MSGSEND = YES;
				GCC_C_LANGUAGE_STANDARD = gnu11;
				GCC_NO_COMMON_BLOCKS = YES;
				GCC_WARN_64_TO_32_BIT_CONVERSION = YES;
				GCC_WARN_ABOUT_RETURN_TYPE = YES_ERROR;
				GCC_WARN_UNDECLARED_SELECTOR = YES;
				GCC_WARN_UNINITIALIZED_AUTOS = YES_AGGRESSIVE;
				GCC_WARN_UNUSED_FUNCTION = YES;
				GCC_WARN_UNUSED_VARIABLE = YES;
				IPHONEOS_DEPLOYMENT_TARGET = 13.0;
				MTL_ENABLE_DEBUG_INFO = NO;
				MTL_FAST_MATH = YES;
				SDKROOT = iphoneos;
				SWIFT_COMPILATION_MODE = wholemodule;
				SWIFT_OPTIMIZATION_LEVEL = "-O";
				VALIDATE_PRODUCT = YES;
			};
			name = Release;
		};
		3984BD4D26E8E9AC00C92824 /* Debug */ = {
			isa = XCBuildConfiguration;
			baseConfigurationReference = 7FA58FB81DD24388A0BB3880 /* Pods-BrocoliSe.debug.xcconfig */;
			buildSettings = {
				ASSETCATALOG_COMPILER_APPICON_NAME = AppIcon;
				ASSETCATALOG_COMPILER_GLOBAL_ACCENT_COLOR_NAME = AccentColor;
				CODE_SIGN_STYLE = Automatic;
				CURRENT_PROJECT_VERSION = 1.2.0;
				DEVELOPMENT_TEAM = 975J2YVPPP;
				INFOPLIST_FILE = BrocoliSe/Info.plist;
				LD_RUNPATH_SEARCH_PATHS = (
					"$(inherited)",
					"@executable_path/Frameworks",
				);
				MARKETING_VERSION = 1.1.0;
				PRODUCT_BUNDLE_IDENTIFIER = com.samuelsales.BrocoliSe;
				PRODUCT_NAME = "$(TARGET_NAME)";
				SWIFT_VERSION = 5.0;
				TARGETED_DEVICE_FAMILY = 1;
			};
			name = Debug;
		};
		3984BD4E26E8E9AC00C92824 /* Release */ = {
			isa = XCBuildConfiguration;
			baseConfigurationReference = 02A9E034F88539424516D3FD /* Pods-BrocoliSe.release.xcconfig */;
			buildSettings = {
				ASSETCATALOG_COMPILER_APPICON_NAME = AppIcon;
				ASSETCATALOG_COMPILER_GLOBAL_ACCENT_COLOR_NAME = AccentColor;
				CODE_SIGN_STYLE = Automatic;
				CURRENT_PROJECT_VERSION = 1.2.0;
				DEVELOPMENT_TEAM = 975J2YVPPP;
				INFOPLIST_FILE = BrocoliSe/Info.plist;
				LD_RUNPATH_SEARCH_PATHS = (
					"$(inherited)",
					"@executable_path/Frameworks",
				);
				MARKETING_VERSION = 1.1.0;
				PRODUCT_BUNDLE_IDENTIFIER = com.samuelsales.BrocoliSe;
				PRODUCT_NAME = "$(TARGET_NAME)";
				SWIFT_VERSION = 5.0;
				TARGETED_DEVICE_FAMILY = 1;
			};
			name = Release;
		};
		56B831D92707494F00490908 /* Debug */ = {
			isa = XCBuildConfiguration;
			buildSettings = {
				BUNDLE_LOADER = "$(TEST_HOST)";
				CLANG_CXX_LANGUAGE_STANDARD = "gnu++17";
				CODE_SIGN_STYLE = Automatic;
				CURRENT_PROJECT_VERSION = 1;
				GENERATE_INFOPLIST_FILE = YES;
				IPHONEOS_DEPLOYMENT_TARGET = 13.0;
				LD_RUNPATH_SEARCH_PATHS = (
					"$(inherited)",
					"@executable_path/Frameworks",
					"@loader_path/Frameworks",
				);
				MARKETING_VERSION = 1.0;
				PRODUCT_BUNDLE_IDENTIFIER = nathalia.BrocoliSeTests;
				PRODUCT_NAME = "$(TARGET_NAME)";
				SWIFT_EMIT_LOC_STRINGS = NO;
				SWIFT_VERSION = 5.0;
				TARGETED_DEVICE_FAMILY = "1,2";
				TEST_HOST = "$(BUILT_PRODUCTS_DIR)/BrocoliSe.app/BrocoliSe";
			};
			name = Debug;
		};
		56B831DA2707494F00490908 /* Release */ = {
			isa = XCBuildConfiguration;
			buildSettings = {
				BUNDLE_LOADER = "$(TEST_HOST)";
				CLANG_CXX_LANGUAGE_STANDARD = "gnu++17";
				CODE_SIGN_STYLE = Automatic;
				CURRENT_PROJECT_VERSION = 1;
				GENERATE_INFOPLIST_FILE = YES;
				IPHONEOS_DEPLOYMENT_TARGET = 13.0;
				LD_RUNPATH_SEARCH_PATHS = (
					"$(inherited)",
					"@executable_path/Frameworks",
					"@loader_path/Frameworks",
				);
				MARKETING_VERSION = 1.0;
				PRODUCT_BUNDLE_IDENTIFIER = nathalia.BrocoliSeTests;
				PRODUCT_NAME = "$(TARGET_NAME)";
				SWIFT_EMIT_LOC_STRINGS = NO;
				SWIFT_VERSION = 5.0;
				TARGETED_DEVICE_FAMILY = "1,2";
				TEST_HOST = "$(BUILT_PRODUCTS_DIR)/BrocoliSe.app/BrocoliSe";
			};
			name = Release;
		};
/* End XCBuildConfiguration section */

/* Begin XCConfigurationList section */
		3984BD3326E8E9AB00C92824 /* Build configuration list for PBXProject "BrocoliSe" */ = {
			isa = XCConfigurationList;
			buildConfigurations = (
				3984BD4A26E8E9AC00C92824 /* Debug */,
				3984BD4B26E8E9AC00C92824 /* Release */,
			);
			defaultConfigurationIsVisible = 0;
			defaultConfigurationName = Release;
		};
		3984BD4C26E8E9AC00C92824 /* Build configuration list for PBXNativeTarget "BrocoliSe" */ = {
			isa = XCConfigurationList;
			buildConfigurations = (
				3984BD4D26E8E9AC00C92824 /* Debug */,
				3984BD4E26E8E9AC00C92824 /* Release */,
			);
			defaultConfigurationIsVisible = 0;
			defaultConfigurationName = Release;
		};
		56B831DB2707494F00490908 /* Build configuration list for PBXNativeTarget "BrocoliSeTests" */ = {
			isa = XCConfigurationList;
			buildConfigurations = (
				56B831D92707494F00490908 /* Debug */,
				56B831DA2707494F00490908 /* Release */,
			);
			defaultConfigurationIsVisible = 0;
			defaultConfigurationName = Release;
		};
/* End XCConfigurationList section */

/* Begin XCVersionGroup section */
		394AEB1D26F7ADD200C5D8E7 /* DataModel.xcdatamodeld */ = {
			isa = XCVersionGroup;
			children = (
				394AEB1E26F7ADD200C5D8E7 /* DataModel.xcdatamodel */,
			);
			currentVersion = 394AEB1E26F7ADD200C5D8E7 /* DataModel.xcdatamodel */;
			path = DataModel.xcdatamodeld;
			sourceTree = "<group>";
			versionGroupType = wrapper.xcdatamodel;
		};
/* End XCVersionGroup section */
	};
	rootObject = 3984BD3026E8E9AB00C92824 /* Project object */;
}
